# This file is automatically @generated by Cargo.
# It is not intended for manual editing.
version = 3

[[package]]
name = "embedded-nal"
version = "0.8.0"
source = "registry+https://github.com/rust-lang/crates.io-index"
checksum = "b8a943fad5ed3d3f8a00f1e80f6bba371f1e7f0df28ec38477535eb318dc19cc"
dependencies = [
 "nb",
 "no-std-net",
]

[[package]]
name = "mailr-nal"
version = "0.1.0"
dependencies = [
 "embedded-nal",
 "std-embedded-nal",
]

[[package]]
name = "nb"
version = "1.1.0"
source = "registry+https://github.com/rust-lang/crates.io-index"
checksum = "8d5439c4ad607c3c23abf66de8c8bf57ba8adcd1f129e699851a6e43935d339d"

[[package]]
name = "no-std-net"
version = "0.6.0"
source = "registry+https://github.com/rust-lang/crates.io-index"
checksum = "43794a0ace135be66a25d3ae77d41b91615fb68ae937f904090203e81f755b65"

[[package]]
name = "std-embedded-nal"
version = "0.3.0"
source = "registry+https://github.com/rust-lang/crates.io-index"
checksum = "90ee4ceb784f3d22cdd0995125cbd3107a3d79e8c0ae7a153c1ab3fce8f99e61"
dependencies = [
 "embedded-nal",
]
